
Microsoft Visual Studio Solution File, Format Version 12.00
# Visual Studio Version 17
VisualStudioVersion = 17.4.33205.214
MinimumVisualStudioVersion = 10.0.40219.1
Project("{FAE04EC0-301F-11D3-BF4B-00C04F79EFBC}") = "NZWalks.API", "NZWalks.API\NZWalks.API.csproj", "{636E6816-3B88-4B42-B1CB-03DC2F4B2A99}"
EndProject
Global
	GlobalSection(SolutionConfigurationPlatforms) = preSolution
		Debug|Any CPU = Debug|Any CPU
		Release|Any CPU = Release|Any CPU
	EndGlobalSection
	GlobalSection(ProjectConfigurationPlatforms) = postSolution
		{636E6816-3B88-4B42-B1CB-03DC2F4B2A99}.Debug|Any CPU.ActiveCfg = Debug|Any CPU
		{636E6816-3B88-4B42-B1CB-03DC2F4B2A99}.Debug|Any CPU.Build.0 = Debug|Any CPU
		{636E6816-3B88-4B42-B1CB-03DC2F4B2A99}.Release|Any CPU.ActiveCfg = Release|Any CPU
		{636E6816-3B88-4B42-B1CB-03DC2F4B2A99}.Release|Any CPU.Build.0 = Release|Any CPU
	EndGlobalSection
	GlobalSection(SolutionProperties) = preSolution
		HideSolutionNode = FALSE
	EndGlobalSection
	GlobalSection(ExtensibilityGlobals) = postSolution
		SolutionGuid = {7F5CA5FE-35DA-4601-88BA-D9CC46C8A648}
	EndGlobalSection
EndGlobal
